
Microsoft Visual Studio Solution File, Format Version 9.00
# Visual Studio 2005
Project("{8BC9CEB8-8B4A-11D0-8D11-00A0C91BC942}") = "stripcert.W7", "stripcert.W7.vcproj", "{FC2EA09F-14A7-4985-A5BE-415772A0F9AA}"
EndProject
Global
	GlobalSection(SolutionConfigurationPlatforms) = preSolution
		W7 checked (PREfast)|Win32 = W7 checked (PREfast)|Win32
		W7 checked|Win32 = W7 checked|Win32
		W7 free|Win32 = W7 free|Win32
		W7I64 checked (PREfast)|Win32 = W7I64 checked (PREfast)|Win32
		W7I64 checked|Win32 = W7I64 checked|Win32
		W7I64 free|Win32 = W7I64 free|Win32
		W7LH checked (PREfast)|Win32 = W7LH checked (PREfast)|Win32
		W7LH checked|Win32 = W7LH checked|Win32
		W7LH free|Win32 = W7LH free|Win32
		W7LHI64 checked (PREfast)|Win32 = W7LHI64 checked (PREfast)|Win32
		W7LHI64 checked|Win32 = W7LHI64 checked|Win32
		W7LHI64 free|Win32 = W7LHI64 free|Win32
		W7LHX64 checked (PREfast)|Win32 = W7LHX64 checked (PREfast)|Win32
		W7LHX64 checked|Win32 = W7LHX64 checked|Win32
		W7LHX64 free|Win32 = W7LHX64 free|Win32
		W7NET checked (PREfast)|Win32 = W7NET checked (PREfast)|Win32
		W7NET checked|Win32 = W7NET checked|Win32
		W7NET free|Win32 = W7NET free|Win32
		W7NETI64 checked (PREfast)|Win32 = W7NETI64 checked (PREfast)|Win32
		W7NETI64 checked|Win32 = W7NETI64 checked|Win32
		W7NETI64 free|Win32 = W7NETI64 free|Win32
		W7NETX64 checked (PREfast)|Win32 = W7NETX64 checked (PREfast)|Win32
		W7NETX64 checked|Win32 = W7NETX64 checked|Win32
		W7NETX64 free|Win32 = W7NETX64 free|Win32
		W7X64 checked (PREfast)|Win32 = W7X64 checked (PREfast)|Win32
		W7X64 checked|Win32 = W7X64 checked|Win32
		W7X64 free|Win32 = W7X64 free|Win32
		W7XP checked (PREfast)|Win32 = W7XP checked (PREfast)|Win32
		W7XP checked|Win32 = W7XP checked|Win32
		W7XP free|Win32 = W7XP free|Win32
	EndGlobalSection
	GlobalSection(ProjectConfigurationPlatforms) = postSolution
		{FC2EA09F-14A7-4985-A5BE-415772A0F9AA}.W7 checked (PREfast)|Win32.ActiveCfg = W7 checked (PREfast)|Win32
		{FC2EA09F-14A7-4985-A5BE-415772A0F9AA}.W7 checked (PREfast)|Win32.Build.0 = W7 checked (PREfast)|Win32
		{FC2EA09F-14A7-4985-A5BE-415772A0F9AA}.W7 checked|Win32.ActiveCfg = W7 checked|Win32
		{FC2EA09F-14A7-4985-A5BE-415772A0F9AA}.W7 checked|Win32.Build.0 = W7 checked|Win32
		{FC2EA09F-14A7-4985-A5BE-415772A0F9AA}.W7 free|Win32.ActiveCfg = W7 free|Win32
		{FC2EA09F-14A7-4985-A5BE-415772A0F9AA}.W7 free|Win32.Build.0 = W7 free|Win32
		{FC2EA09F-14A7-4985-A5BE-415772A0F9AA}.W7I64 checked (PREfast)|Win32.ActiveCfg = W7I64 checked (PREfast)|Win32
		{FC2EA09F-14A7-4985-A5BE-415772A0F9AA}.W7I64 checked (PREfast)|Win32.Build.0 = W7I64 checked (PREfast)|Win32
		{FC2EA09F-14A7-4985-A5BE-415772A0F9AA}.W7I64 checked|Win32.ActiveCfg = W7I64 checked|Win32
		{FC2EA09F-14A7-4985-A5BE-415772A0F9AA}.W7I64 checked|Win32.Build.0 = W7I64 checked|Win32
		{FC2EA09F-14A7-4985-A5BE-415772A0F9AA}.W7I64 free|Win32.ActiveCfg = W7I64 free|Win32
		{FC2EA09F-14A7-4985-A5BE-415772A0F9AA}.W7I64 free|Win32.Build.0 = W7I64 free|Win32
		{FC2EA09F-14A7-4985-A5BE-415772A0F9AA}.W7LH checked (PREfast)|Win32.ActiveCfg = W7LH checked (PREfast)|Win32
		{FC2EA09F-14A7-4985-A5BE-415772A0F9AA}.W7LH checked (PREfast)|Win32.Build.0 = W7LH checked (PREfast)|Win32
		{FC2EA09F-14A7-4985-A5BE-415772A0F9AA}.W7LH checked|Win32.ActiveCfg = W7LH checked|Win32
		{FC2EA09F-14A7-4985-A5BE-415772A0F9AA}.W7LH checked|Win32.Build.0 = W7LH checked|Win32
		{FC2EA09F-14A7-4985-A5BE-415772A0F9AA}.W7LH free|Win32.ActiveCfg = W7LH free|Win32
		{FC2EA09F-14A7-4985-A5BE-415772A0F9AA}.W7LH free|Win32.Build.0 = W7LH free|Win32
		{FC2EA09F-14A7-4985-A5BE-415772A0F9AA}.W7LHI64 checked (PREfast)|Win32.ActiveCfg = W7LHI64 checked (PREfast)|Win32
		{FC2EA09F-14A7-4985-A5BE-415772A0F9AA}.W7LHI64 checked (PREfast)|Win32.Build.0 = W7LHI64 checked (PREfast)|Win32
		{FC2EA09F-14A7-4985-A5BE-415772A0F9AA}.W7LHI64 checked|Win32.ActiveCfg = W7LHI64 checked|Win32
		{FC2EA09F-14A7-4985-A5BE-415772A0F9AA}.W7LHI64 checked|Win32.Build.0 = W7LHI64 checked|Win32
		{FC2EA09F-14A7-4985-A5BE-415772A0F9AA}.W7LHI64 free|Win32.ActiveCfg = W7LHI64 free|Win32
		{FC2EA09F-14A7-4985-A5BE-415772A0F9AA}.W7LHI64 free|Win32.Build.0 = W7LHI64 free|Win32
		{FC2EA09F-14A7-4985-A5BE-415772A0F9AA}.W7LHX64 checked (PREfast)|Win32.ActiveCfg = W7LHX64 checked (PREfast)|Win32
		{FC2EA09F-14A7-4985-A5BE-415772A0F9AA}.W7LHX64 checked (PREfast)|Win32.Build.0 = W7LHX64 checked (PREfast)|Win32
		{FC2EA09F-14A7-4985-A5BE-415772A0F9AA}.W7LHX64 checked|Win32.ActiveCfg = W7LHX64 checked|Win32
		{FC2EA09F-14A7-4985-A5BE-415772A0F9AA}.W7LHX64 checked|Win32.Build.0 = W7LHX64 checked|Win32
		{FC2EA09F-14A7-4985-A5BE-415772A0F9AA}.W7LHX64 free|Win32.ActiveCfg = W7LHX64 free|Win32
		{FC2EA09F-14A7-4985-A5BE-415772A0F9AA}.W7LHX64 free|Win32.Build.0 = W7LHX64 free|Win32
		{FC2EA09F-14A7-4985-A5BE-415772A0F9AA}.W7NET checked (PREfast)|Win32.ActiveCfg = W7NET checked (PREfast)|Win32
		{FC2EA09F-14A7-4985-A5BE-415772A0F9AA}.W7NET checked (PREfast)|Win32.Build.0 = W7NET checked (PREfast)|Win32
		{FC2EA09F-14A7-4985-A5BE-415772A0F9AA}.W7NET checked|Win32.ActiveCfg = W7NET checked|Win32
		{FC2EA09F-14A7-4985-A5BE-415772A0F9AA}.W7NET checked|Win32.Build.0 = W7NET checked|Win32
		{FC2EA09F-14A7-4985-A5BE-415772A0F9AA}.W7NET free|Win32.ActiveCfg = W7NET free|Win32
		{FC2EA09F-14A7-4985-A5BE-415772A0F9AA}.W7NET free|Win32.Build.0 = W7NET free|Win32
		{FC2EA09F-14A7-4985-A5BE-415772A0F9AA}.W7NETI64 checked (PREfast)|Win32.ActiveCfg = W7NETI64 checked (PREfast)|Win32
		{FC2EA09F-14A7-4985-A5BE-415772A0F9AA}.W7NETI64 checked (PREfast)|Win32.Build.0 = W7NETI64 checked (PREfast)|Win32
		{FC2EA09F-14A7-4985-A5BE-415772A0F9AA}.W7NETI64 checked|Win32.ActiveCfg = W7NETI64 checked|Win32
		{FC2EA09F-14A7-4985-A5BE-415772A0F9AA}.W7NETI64 checked|Win32.Build.0 = W7NETI64 checked|Win32
		{FC2EA09F-14A7-4985-A5BE-415772A0F9AA}.W7NETI64 free|Win32.ActiveCfg = W7NETI64 free|Win32
		{FC2EA09F-14A7-4985-A5BE-415772A0F9AA}.W7NETI64 free|Win32.Build.0 = W7NETI64 free|Win32
		{FC2EA09F-14A7-4985-A5BE-415772A0F9AA}.W7NETX64 checked (PREfast)|Win32.ActiveCfg = W7NETX64 checked (PREfast)|Win32
		{FC2EA09F-14A7-4985-A5BE-415772A0F9AA}.W7NETX64 checked (PREfast)|Win32.Build.0 = W7NETX64 checked (PREfast)|Win32
		{FC2EA09F-14A7-4985-A5BE-415772A0F9AA}.W7NETX64 checked|Win32.ActiveCfg = W7NETX64 checked|Win32
		{FC2EA09F-14A7-4985-A5BE-415772A0F9AA}.W7NETX64 checked|Win32.Build.0 = W7NETX64 checked|Win32
		{FC2EA09F-14A7-4985-A5BE-415772A0F9AA}.W7NETX64 free|Win32.ActiveCfg = W7NETX64 free|Win32
		{FC2EA09F-14A7-4985-A5BE-415772A0F9AA}.W7NETX64 free|Win32.Build.0 = W7NETX64 free|Win32
		{FC2EA09F-14A7-4985-A5BE-415772A0F9AA}.W7X64 checked (PREfast)|Win32.ActiveCfg = W7X64 checked (PREfast)|Win32
		{FC2EA09F-14A7-4985-A5BE-415772A0F9AA}.W7X64 checked (PREfast)|Win32.Build.0 = W7X64 checked (PREfast)|Win32
		{FC2EA09F-14A7-4985-A5BE-415772A0F9AA}.W7X64 checked|Win32.ActiveCfg = W7X64 checked|Win32
		{FC2EA09F-14A7-4985-A5BE-415772A0F9AA}.W7X64 checked|Win32.Build.0 = W7X64 checked|Win32
		{FC2EA09F-14A7-4985-A5BE-415772A0F9AA}.W7X64 free|Win32.ActiveCfg = W7X64 free|Win32
		{FC2EA09F-14A7-4985-A5BE-415772A0F9AA}.W7X64 free|Win32.Build.0 = W7X64 free|Win32
		{FC2EA09F-14A7-4985-A5BE-415772A0F9AA}.W7XP checked (PREfast)|Win32.ActiveCfg = W7XP checked (PREfast)|Win32
		{FC2EA09F-14A7-4985-A5BE-415772A0F9AA}.W7XP checked (PREfast)|Win32.Build.0 = W7XP checked (PREfast)|Win32
		{FC2EA09F-14A7-4985-A5BE-415772A0F9AA}.W7XP checked|Win32.ActiveCfg = W7XP checked|Win32
		{FC2EA09F-14A7-4985-A5BE-415772A0F9AA}.W7XP checked|Win32.Build.0 = W7XP checked|Win32
		{FC2EA09F-14A7-4985-A5BE-415772A0F9AA}.W7XP free|Win32.ActiveCfg = W7XP free|Win32
		{FC2EA09F-14A7-4985-A5BE-415772A0F9AA}.W7XP free|Win32.Build.0 = W7XP free|Win32
	EndGlobalSection
	GlobalSection(SolutionProperties) = preSolution
		HideSolutionNode = FALSE
	EndGlobalSection
EndGlobal
